
Microsoft Visual Studio Solution File, Format Version 12.00
# Visual Studio Version 16
VisualStudioVersion = 16.0.30804.86
MinimumVisualStudioVersion = 10.0.40219.1
Project("{FAE04EC0-301F-11D3-BF4B-00C04F79EFBC}") = "WPKSSpecFLow", "WPKSSpecFLow.csproj", "{8BFB00EA-C916-43A1-89CD-B2E87CC9AB18}"
EndProject
Global
	GlobalSection(SolutionConfigurationPlatforms) = preSolution
		Debug|Any CPU = Debug|Any CPU
		Release|Any CPU = Release|Any CPU
	EndGlobalSection
	GlobalSection(ProjectConfigurationPlatforms) = postSolution
		{8BFB00EA-C916-43A1-89CD-B2E87CC9AB18}.Debug|Any CPU.ActiveCfg = Debug|Any CPU
		{8BFB00EA-C916-43A1-89CD-B2E87CC9AB18}.Debug|Any CPU.Build.0 = Debug|Any CPU
		{8BFB00EA-C916-43A1-89CD-B2E87CC9AB18}.Release|Any CPU.ActiveCfg = Release|Any CPU
		{8BFB00EA-C916-43A1-89CD-B2E87CC9AB18}.Release|Any CPU.Build.0 = Release|Any CPU
	EndGlobalSection
	GlobalSection(SolutionProperties) = preSolution
		HideSolutionNode = FALSE
	EndGlobalSection
	GlobalSection(ExtensibilityGlobals) = postSolution
		SolutionGuid = {57E19F45-07DD-4F54-BD30-A4A1820B75AB}
	EndGlobalSection
EndGlobal
